<?xml version="1.0" encoding="utf-8"?>
<Project ToolsVersion="4.0" xmlns="http://schemas.microsoft.com/developer/msbuild/2003">
  <ItemGroup>
    <Filter Include="소스 파일">
      <UniqueIdentifier>{4FC737F1-C7A5-4376-A066-2A32D752A2FF}</UniqueIdentifier>
      <Extensions>cpp;c;cc;cxx;def;odl;idl;hpj;bat;asm;asmx</Extensions>
    </Filter>
    <Filter Include="헤더 파일">
      <UniqueIdentifier>{93995380-89BD-4b04-88EB-625FBE52EBFB}</UniqueIdentifier>
      <Extensions>h;hh;hpp;hxx;hm;inl;inc;xsd</Extensions>
    </Filter>
    <Filter Include="리소스 파일">
      <UniqueIdentifier>{67DA6AB6-F800-4c08-8B7A-83BB121AAD01}</UniqueIdentifier>
      <Extensions>rc;ico;cur;bmp;dlg;rc2;rct;bin;rgs;gif;jpg;jpeg;jpe;resx;tiff;tif;png;wav;mfcribbon-ms</Extensions>
    </Filter>
  </ItemGroup>
  <ItemGroup>
    <Text Include="ReadMe.txt" />
  </ItemGroup>
  <ItemGroup>
    <ClInclude Include="News.h">
      <Filter>헤더 파일</Filter>
    </ClInclude>
    <ClInclude Include="NewsDlg.h">
      <Filter>헤더 파일</Filter>
    </ClInclude>
    <ClInclude Include="stdafx.h">
      <Filter>헤더 파일</Filter>
    </ClInclude>
    <ClInclude Include="targetver.h">
      <Filter>헤더 파일</Filter>
    </ClInclude>
    <ClInclude Include="Resource.h">
      <Filter>헤더 파일</Filter>
    </ClInclude>
    <ClInclude Include="Join_member.h">
      <Filter>헤더 파일</Filter>
    </ClInclude>
    <ClInclude Include="Board.h">
      <Filter>헤더 파일</Filter>
    </ClInclude>
    <ClInclude Include="ChildDlg.h">
      <Filter>헤더 파일</Filter>
    </ClInclude>
    <ClInclude Include="Board_comment.h">
      <Filter>헤더 파일</Filter>
    </ClInclude>
    <ClInclude Include="Chatting.h">
      <Filter>헤더 파일</Filter>
    </ClInclude>
  </ItemGroup>
  <ItemGroup>
    <ClCompile Include="News.cpp">
      <Filter>소스 파일</Filter>
    </ClCompile>
    <ClCompile Include="NewsDlg.cpp">
      <Filter>소스 파일</Filter>
    </ClCompile>
    <ClCompile Include="stdafx.cpp">
      <Filter>소스 파일</Filter>
    </ClCompile>
    <ClCompile Include="Join_member.cpp">
      <Filter>소스 파일</Filter>
    </ClCompile>
    <ClCompile Include="Board.cpp">
      <Filter>소스 파일</Filter>
    </ClCompile>
    <ClCompile Include="ChildDlg.cpp">
      <Filter>소스 파일</Filter>
    </ClCompile>
    <ClCompile Include="Board_comment.cpp">
      <Filter>소스 파일</Filter>
    </ClCompile>
    <ClCompile Include="Chatting.cpp">
      <Filter>소스 파일</Filter>
    </ClCompile>
  </ItemGroup>
  <ItemGroup>
    <ResourceCompile Include="News.rc">
      <Filter>리소스 파일</Filter>
    </ResourceCompile>
  </ItemGroup>
  <ItemGroup>
    <None Include="res\News.rc2">
      <Filter>리소스 파일</Filter>
    </None>
  </ItemGroup>
  <ItemGroup>
    <Image Include="res\News.ico">
      <Filter>리소스 파일</Filter>
    </Image>
    <Image Include="res\bitmap1.bmp">
      <Filter>리소스 파일</Filter>
    </Image>
    <Image Include="res\Board_image.jfif" />
    <Image Include="res\Board_image2.jfif" />
    <Image Include="res\Chatting.jpg">
      <Filter>리소스 파일</Filter>
    </Image>
    <Image Include="res\Comment.jpg">
      <Filter>리소스 파일</Filter>
    </Image>
    <Image Include="res\login2.jpg">
      <Filter>리소스 파일</Filter>
    </Image>
    <Image Include="res\bitmap2.bmp">
      <Filter>리소스 파일</Filter>
    </Image>
    <Image Include="res\bitmap3.bmp">
      <Filter>리소스 파일</Filter>
    </Image>
    <Image Include="res\bitmap4.bmp">
      <Filter>리소스 파일</Filter>
    </Image>
    <Image Include="res\bitmap5.bmp">
      <Filter>리소스 파일</Filter>
    </Image>
    <Image Include="res\bitmap6.bmp">
      <Filter>리소스 파일</Filter>
    </Image>
    <Image Include="res\bitmap7.bmp">
      <Filter>리소스 파일</Filter>
    </Image>
    <Image Include="res\Board_image2.bmp">
      <Filter>리소스 파일</Filter>
    </Image>
    <Image Include="res\Chatting.bmp">
      <Filter>리소스 파일</Filter>
    </Image>
    <Image Include="res\Comment.bmp">
      <Filter>리소스 파일</Filter>
    </Image>
    <Image Include="res\IMAGE.bmp">
      <Filter>리소스 파일</Filter>
    </Image>
    <Image Include="res\Board_image.bmp">
      <Filter>리소스 파일</Filter>
    </Image>
    <Image Include="res\image2323.bmp">
      <Filter>리소스 파일</Filter>
    </Image>
  </ItemGroup>
</Project>